
Microsoft Visual Studio Solution File, Format Version 12.00
# Visual Studio Version 16
VisualStudioVersion = 16.0.31729.503
MinimumVisualStudioVersion = 10.0.40219.1
Project("{FAE04EC0-301F-11D3-BF4B-00C04F79EFBC}") = "X_Forms.Android", "X_Forms\X_Forms.Android\X_Forms.Android.csproj", "{238D1EEA-8661-4E32-B5EE-63D54D4544F5}"
EndProject
Project("{FAE04EC0-301F-11D3-BF4B-00C04F79EFBC}") = "X_Forms.iOS", "X_Forms\X_Forms.iOS\X_Forms.iOS.csproj", "{219CD33C-4838-4DC5-A813-74147779C599}"
EndProject
Project("{FAE04EC0-301F-11D3-BF4B-00C04F79EFBC}") = "X_Forms", "X_Forms\X_Forms\X_Forms.csproj", "{42C2C26F-908B-4415-93A9-6F9129837BB7}"
EndProject
Global
	GlobalSection(SolutionConfigurationPlatforms) = preSolution
		Debug|Any CPU = Debug|Any CPU
		Debug|iPhone = Debug|iPhone
		Debug|iPhoneSimulator = Debug|iPhoneSimulator
		Release|Any CPU = Release|Any CPU
		Release|iPhone = Release|iPhone
		Release|iPhoneSimulator = Release|iPhoneSimulator
	EndGlobalSection
	GlobalSection(ProjectConfigurationPlatforms) = postSolution
		{238D1EEA-8661-4E32-B5EE-63D54D4544F5}.Debug|Any CPU.ActiveCfg = Debug|Any CPU
		{238D1EEA-8661-4E32-B5EE-63D54D4544F5}.Debug|Any CPU.Build.0 = Debug|Any CPU
		{238D1EEA-8661-4E32-B5EE-63D54D4544F5}.Debug|Any CPU.Deploy.0 = Debug|Any CPU
		{238D1EEA-8661-4E32-B5EE-63D54D4544F5}.Debug|iPhone.ActiveCfg = Debug|Any CPU
		{238D1EEA-8661-4E32-B5EE-63D54D4544F5}.Debug|iPhone.Build.0 = Debug|Any CPU
		{238D1EEA-8661-4E32-B5EE-63D54D4544F5}.Debug|iPhone.Deploy.0 = Debug|Any CPU
		{238D1EEA-8661-4E32-B5EE-63D54D4544F5}.Debug|iPhoneSimulator.ActiveCfg = Debug|Any CPU
		{238D1EEA-8661-4E32-B5EE-63D54D4544F5}.Debug|iPhoneSimulator.Build.0 = Debug|Any CPU
		{238D1EEA-8661-4E32-B5EE-63D54D4544F5}.Debug|iPhoneSimulator.Deploy.0 = Debug|Any CPU
		{238D1EEA-8661-4E32-B5EE-63D54D4544F5}.Release|Any CPU.ActiveCfg = Release|Any CPU
		{238D1EEA-8661-4E32-B5EE-63D54D4544F5}.Release|Any CPU.Build.0 = Release|Any CPU
		{238D1EEA-8661-4E32-B5EE-63D54D4544F5}.Release|Any CPU.Deploy.0 = Release|Any CPU
		{238D1EEA-8661-4E32-B5EE-63D54D4544F5}.Release|iPhone.ActiveCfg = Release|Any CPU
		{238D1EEA-8661-4E32-B5EE-63D54D4544F5}.Release|iPhone.Build.0 = Release|Any CPU
		{238D1EEA-8661-4E32-B5EE-63D54D4544F5}.Release|iPhone.Deploy.0 = Release|Any CPU
		{238D1EEA-8661-4E32-B5EE-63D54D4544F5}.Release|iPhoneSimulator.ActiveCfg = Release|Any CPU
		{238D1EEA-8661-4E32-B5EE-63D54D4544F5}.Release|iPhoneSimulator.Build.0 = Release|Any CPU
		{238D1EEA-8661-4E32-B5EE-63D54D4544F5}.Release|iPhoneSimulator.Deploy.0 = Release|Any CPU
		{219CD33C-4838-4DC5-A813-74147779C599}.Debug|Any CPU.ActiveCfg = Debug|iPhone
		{219CD33C-4838-4DC5-A813-74147779C599}.Debug|Any CPU.Build.0 = Debug|iPhone
		{219CD33C-4838-4DC5-A813-74147779C599}.Debug|Any CPU.Deploy.0 = Debug|iPhone
		{219CD33C-4838-4DC5-A813-74147779C599}.Debug|iPhone.ActiveCfg = Debug|iPhone
		{219CD33C-4838-4DC5-A813-74147779C599}.Debug|iPhone.Build.0 = Debug|iPhone
		{219CD33C-4838-4DC5-A813-74147779C599}.Debug|iPhone.Deploy.0 = Debug|iPhone
		{219CD33C-4838-4DC5-A813-74147779C599}.Debug|iPhoneSimulator.ActiveCfg = Debug|iPhoneSimulator
		{219CD33C-4838-4DC5-A813-74147779C599}.Debug|iPhoneSimulator.Build.0 = Debug|iPhoneSimulator
		{219CD33C-4838-4DC5-A813-74147779C599}.Debug|iPhoneSimulator.Deploy.0 = Debug|iPhoneSimulator
		{219CD33C-4838-4DC5-A813-74147779C599}.Release|Any CPU.ActiveCfg = Release|iPhoneSimulator
		{219CD33C-4838-4DC5-A813-74147779C599}.Release|Any CPU.Build.0 = Release|iPhoneSimulator
		{219CD33C-4838-4DC5-A813-74147779C599}.Release|Any CPU.Deploy.0 = Release|iPhoneSimulator
		{219CD33C-4838-4DC5-A813-74147779C599}.Release|iPhone.ActiveCfg = Release|iPhone
		{219CD33C-4838-4DC5-A813-74147779C599}.Release|iPhone.Build.0 = Release|iPhone
		{219CD33C-4838-4DC5-A813-74147779C599}.Release|iPhone.Deploy.0 = Release|iPhone
		{219CD33C-4838-4DC5-A813-74147779C599}.Release|iPhoneSimulator.ActiveCfg = Release|iPhoneSimulator
		{219CD33C-4838-4DC5-A813-74147779C599}.Release|iPhoneSimulator.Build.0 = Release|iPhoneSimulator
		{219CD33C-4838-4DC5-A813-74147779C599}.Release|iPhoneSimulator.Deploy.0 = Release|iPhoneSimulator
		{42C2C26F-908B-4415-93A9-6F9129837BB7}.Debug|Any CPU.ActiveCfg = Debug|Any CPU
		{42C2C26F-908B-4415-93A9-6F9129837BB7}.Debug|Any CPU.Build.0 = Debug|Any CPU
		{42C2C26F-908B-4415-93A9-6F9129837BB7}.Debug|Any CPU.Deploy.0 = Debug|Any CPU
		{42C2C26F-908B-4415-93A9-6F9129837BB7}.Debug|iPhone.ActiveCfg = Debug|Any CPU
		{42C2C26F-908B-4415-93A9-6F9129837BB7}.Debug|iPhone.Build.0 = Debug|Any CPU
		{42C2C26F-908B-4415-93A9-6F9129837BB7}.Debug|iPhone.Deploy.0 = Debug|Any CPU
		{42C2C26F-908B-4415-93A9-6F9129837BB7}.Debug|iPhoneSimulator.ActiveCfg = Debug|Any CPU
		{42C2C26F-908B-4415-93A9-6F9129837BB7}.Debug|iPhoneSimulator.Build.0 = Debug|Any CPU
		{42C2C26F-908B-4415-93A9-6F9129837BB7}.Debug|iPhoneSimulator.Deploy.0 = Debug|Any CPU
		{42C2C26F-908B-4415-93A9-6F9129837BB7}.Release|Any CPU.ActiveCfg = Release|Any CPU
		{42C2C26F-908B-4415-93A9-6F9129837BB7}.Release|Any CPU.Build.0 = Release|Any CPU
		{42C2C26F-908B-4415-93A9-6F9129837BB7}.Release|Any CPU.Deploy.0 = Release|Any CPU
		{42C2C26F-908B-4415-93A9-6F9129837BB7}.Release|iPhone.ActiveCfg = Release|Any CPU
		{42C2C26F-908B-4415-93A9-6F9129837BB7}.Release|iPhone.Build.0 = Release|Any CPU
		{42C2C26F-908B-4415-93A9-6F9129837BB7}.Release|iPhone.Deploy.0 = Release|Any CPU
		{42C2C26F-908B-4415-93A9-6F9129837BB7}.Release|iPhoneSimulator.ActiveCfg = Release|Any CPU
		{42C2C26F-908B-4415-93A9-6F9129837BB7}.Release|iPhoneSimulator.Build.0 = Release|Any CPU
		{42C2C26F-908B-4415-93A9-6F9129837BB7}.Release|iPhoneSimulator.Deploy.0 = Release|Any CPU
	EndGlobalSection
	GlobalSection(SolutionProperties) = preSolution
		HideSolutionNode = FALSE
	EndGlobalSection
	GlobalSection(ExtensibilityGlobals) = postSolution
		SolutionGuid = {ECDB9658-F15E-4128-992E-0008A228BB46}
	EndGlobalSection
EndGlobal
